<?xml version="1.0" encoding="utf-8"?>
<Project ToolsVersion="4.0" xmlns="http://schemas.microsoft.com/developer/msbuild/2003">
  <ItemGroup>
    <ClCompile Include="main.cpp" />
    <ClCompile Include="stdafx.cpp">
      <Filter>pch</Filter>
    </ClCompile>
    <ClCompile Include="GameLevelBase.cpp">
      <Filter>Level</Filter>
    </ClCompile>
    <ClCompile Include="Character.cpp">
      <Filter>Actor</Filter>
    </ClCompile>
    <ClCompile Include="TestGameInstance.cpp">
      <Filter>GameInstance</Filter>
    </ClCompile>
    <ClCompile Include="MovementManager.cpp">
      <Filter>GameInstanceSubsystem</Filter>
    </ClCompile>
    <ClCompile Include="SpawnManager.cpp">
      <Filter>GameInstanceSubsystem</Filter>
    </ClCompile>
    <ClCompile Include="GameUI.cpp">
      <Filter>Actor</Filter>
    </ClCompile>
    <ClCompile Include="AIManager.cpp">
      <Filter>GameInstanceSubsystem</Filter>
    </ClCompile>
    <ClCompile Include="CharacterAIController.cpp">
      <Filter>Controller</Filter>
    </ClCompile>
    <ClCompile Include="Tilemap.cpp">
      <Filter>Struct</Filter>
    </ClCompile>
    <ClCompile Include="AxisAlignedBoundingBox.cpp">
      <Filter>Struct</Filter>
    </ClCompile>
    <ClCompile Include="BombManager.cpp">
      <Filter>GameInstanceSubsystem</Filter>
    </ClCompile>
    <ClCompile Include="InGameObjectComponent.cpp">
      <Filter>ActorComponent</Filter>
    </ClCompile>
  </ItemGroup>
  <ItemGroup>
    <Filter Include="pch">
      <UniqueIdentifier>{66ae917e-19e9-499f-ba29-7d3e33a66d85}</UniqueIdentifier>
    </Filter>
    <Filter Include="Level">
      <UniqueIdentifier>{be8dad4b-0b6c-4dc9-98a8-bda49bee66b7}</UniqueIdentifier>
    </Filter>
    <Filter Include="Actor">
      <UniqueIdentifier>{9546b771-bdd7-4790-881c-8cbdef5e7226}</UniqueIdentifier>
    </Filter>
    <Filter Include="GameInstance">
      <UniqueIdentifier>{63a53791-41d7-4467-aaf5-6725dafd7d19}</UniqueIdentifier>
    </Filter>
    <Filter Include="Resources">
      <UniqueIdentifier>{5bd923ab-c5c2-4844-b97e-0156cc7ce447}</UniqueIdentifier>
    </Filter>
    <Filter Include="GameInstanceSubsystem">
      <UniqueIdentifier>{8c26cbb9-e54d-4a49-933e-a47e37f39d0e}</UniqueIdentifier>
    </Filter>
    <Filter Include="ActorComponent">
      <UniqueIdentifier>{093eac90-c662-4acf-bf46-16af3171583d}</UniqueIdentifier>
    </Filter>
    <Filter Include="Controller">
      <UniqueIdentifier>{259ded4e-28fc-4d2f-b883-06d523c75fe8}</UniqueIdentifier>
    </Filter>
    <Filter Include="Struct">
      <UniqueIdentifier>{9b2e3c19-059f-4cc5-9ed2-a93cd5b17b27}</UniqueIdentifier>
    </Filter>
  </ItemGroup>
  <ItemGroup>
    <ClInclude Include="stdafx.h">
      <Filter>pch</Filter>
    </ClInclude>
    <ClInclude Include="define.h">
      <Filter>pch</Filter>
    </ClInclude>
    <ClInclude Include="GameLevelBase.h">
      <Filter>Level</Filter>
    </ClInclude>
    <ClInclude Include="Character.h">
      <Filter>Actor</Filter>
    </ClInclude>
    <ClInclude Include="TestGameInstance.h">
      <Filter>GameInstance</Filter>
    </ClInclude>
    <ClInclude Include="MovementManager.h">
      <Filter>GameInstanceSubsystem</Filter>
    </ClInclude>
    <ClInclude Include="SpawnManager.h">
      <Filter>GameInstanceSubsystem</Filter>
    </ClInclude>
    <ClInclude Include="GameUI.h">
      <Filter>Actor</Filter>
    </ClInclude>
    <ClInclude Include="AIManager.h">
      <Filter>GameInstanceSubsystem</Filter>
    </ClInclude>
    <ClInclude Include="CharacterAIController.h">
      <Filter>Controller</Filter>
    </ClInclude>
    <ClInclude Include="Tilemap.h">
      <Filter>Struct</Filter>
    </ClInclude>
    <ClInclude Include="AxisAlignedBoundingBox.h">
      <Filter>Struct</Filter>
    </ClInclude>
    <ClInclude Include="BombManager.h">
      <Filter>GameInstanceSubsystem</Filter>
    </ClInclude>
    <ClInclude Include="InGameObjectComponent.h">
      <Filter>ActorComponent</Filter>
    </ClInclude>
  </ItemGroup>
  <ItemGroup>
    <Image Include="..\Resources\Bazzi\BazziDownIdle.bmp">
      <Filter>Resources</Filter>
    </Image>
    <Image Include="..\Resources\Bazzi\BazziDownWalk_0.bmp">
      <Filter>Resources</Filter>
    </Image>
    <Image Include="..\Resources\Bazzi\BazziDownWalk_1.bmp">
      <Filter>Resources</Filter>
    </Image>
    <Image Include="..\Resources\Bazzi\BazziDownWalk_2.bmp">
      <Filter>Resources</Filter>
    </Image>
    <Image Include="..\Resources\Bazzi\BazziDownWalk_3.bmp">
      <Filter>Resources</Filter>
    </Image>
    <Image Include="..\Resources\Bazzi\BazziLeftIdle.bmp">
      <Filter>Resources</Filter>
    </Image>
    <Image Include="..\Resources\Bazzi\BazziLeftWalk_0.bmp">
      <Filter>Resources</Filter>
    </Image>
    <Image Include="..\Resources\Bazzi\BazziLeftWalk_1.bmp">
      <Filter>Resources</Filter>
    </Image>
    <Image Include="..\Resources\Bazzi\BazziLeftWalk_2.bmp">
      <Filter>Resources</Filter>
    </Image>
    <Image Include="..\Resources\Bazzi\BazziLeftWalk_3.bmp">
      <Filter>Resources</Filter>
    </Image>
    <Image Include="..\Resources\Bazzi\BazziRightIdle.bmp">
      <Filter>Resources</Filter>
    </Image>
    <Image Include="..\Resources\Bazzi\BazziRightWalk_0.bmp">
      <Filter>Resources</Filter>
    </Image>
    <Image Include="..\Resources\Bazzi\BazziRightWalk_1.bmp">
      <Filter>Resources</Filter>
    </Image>
    <Image Include="..\Resources\Bazzi\BazziRightWalk_2.bmp">
      <Filter>Resources</Filter>
    </Image>
    <Image Include="..\Resources\Bazzi\BazziRightWalk_3.bmp">
      <Filter>Resources</Filter>
    </Image>
    <Image Include="..\Resources\Bazzi\BazziUpIdle.bmp">
      <Filter>Resources</Filter>
    </Image>
    <Image Include="..\Resources\Bazzi\BazziUpWalk_0.bmp">
      <Filter>Resources</Filter>
    </Image>
    <Image Include="..\Resources\Bazzi\BazziUpWalk_1.bmp">
      <Filter>Resources</Filter>
    </Image>
    <Image Include="..\Resources\Bazzi\BazziUpWalk_2.bmp">
      <Filter>Resources</Filter>
    </Image>
    <Image Include="..\Resources\Bazzi\BazziUpWalk_3.bmp">
      <Filter>Resources</Filter>
    </Image>
    <Image Include="..\Resources\Bazzi\DownIdle.bmp">
      <Filter>Resources</Filter>
    </Image>
    <Image Include="..\Resources\Bazzi\DownWalk_0.bmp">
      <Filter>Resources</Filter>
    </Image>
    <Image Include="..\Resources\Bazzi\DownWalk_1.bmp">
      <Filter>Resources</Filter>
    </Image>
    <Image Include="..\Resources\Bazzi\DownWalk_2.bmp">
      <Filter>Resources</Filter>
    </Image>
    <Image Include="..\Resources\Bazzi\DownWalk_3.bmp">
      <Filter>Resources</Filter>
    </Image>
    <Image Include="..\Resources\Bazzi\LeftIdle.bmp">
      <Filter>Resources</Filter>
    </Image>
    <Image Include="..\Resources\Bazzi\LeftWalk_0.bmp">
      <Filter>Resources</Filter>
    </Image>
    <Image Include="..\Resources\Bazzi\LeftWalk_1.bmp">
      <Filter>Resources</Filter>
    </Image>
    <Image Include="..\Resources\Bazzi\LeftWalk_2.bmp">
      <Filter>Resources</Filter>
    </Image>
    <Image Include="..\Resources\Bazzi\LeftWalk_3.bmp">
      <Filter>Resources</Filter>
    </Image>
    <Image Include="..\Resources\Bazzi\RightIdle.bmp">
      <Filter>Resources</Filter>
    </Image>
    <Image Include="..\Resources\Bazzi\RightWalk_0.bmp">
      <Filter>Resources</Filter>
    </Image>
    <Image Include="..\Resources\Bazzi\RightWalk_1.bmp">
      <Filter>Resources</Filter>
    </Image>
    <Image Include="..\Resources\Bazzi\RightWalk_2.bmp">
      <Filter>Resources</Filter>
    </Image>
    <Image Include="..\Resources\Bazzi\RightWalk_3.bmp">
      <Filter>Resources</Filter>
    </Image>
    <Image Include="..\Resources\Bazzi\UpIdle.bmp">
      <Filter>Resources</Filter>
    </Image>
    <Image Include="..\Resources\Bazzi\UpWalk_0.bmp">
      <Filter>Resources</Filter>
    </Image>
    <Image Include="..\Resources\Bazzi\UpWalk_1.bmp">
      <Filter>Resources</Filter>
    </Image>
    <Image Include="..\Resources\Bazzi\UpWalk_2.bmp">
      <Filter>Resources</Filter>
    </Image>
    <Image Include="..\Resources\Bazzi\UpWalk_3.bmp">
      <Filter>Resources</Filter>
    </Image>
  </ItemGroup>
</Project>