<?xml version="1.0" encoding="utf-8"?>
<Project ToolsVersion="4.0" xmlns="http://schemas.microsoft.com/developer/msbuild/2003">
  <ItemGroup>
    <ClCompile Include="main.cpp" />
    <ClCompile Include="stdafx.cpp">
      <Filter>pch</Filter>
    </ClCompile>
    <ClCompile Include="LevelDeserializer.cpp">
      <Filter>LevelDeserializer</Filter>
    </ClCompile>
    <ClCompile Include="TestLevel.cpp">
      <Filter>Level</Filter>
    </ClCompile>
    <ClCompile Include="TestPlayer.cpp">
      <Filter>Actor</Filter>
    </ClCompile>
    <ClCompile Include="TestGameInstance.cpp">
      <Filter>GameInstance</Filter>
    </ClCompile>
    <ClCompile Include="TestGamemode.cpp">
      <Filter>Gamemode</Filter>
    </ClCompile>
  </ItemGroup>
  <ItemGroup>
    <Filter Include="pch">
      <UniqueIdentifier>{66ae917e-19e9-499f-ba29-7d3e33a66d85}</UniqueIdentifier>
    </Filter>
    <Filter Include="LevelDeserializer">
      <UniqueIdentifier>{79572b0a-d501-495d-93aa-18442d1035f8}</UniqueIdentifier>
    </Filter>
    <Filter Include="Level">
      <UniqueIdentifier>{be8dad4b-0b6c-4dc9-98a8-bda49bee66b7}</UniqueIdentifier>
    </Filter>
    <Filter Include="Actor">
      <UniqueIdentifier>{9546b771-bdd7-4790-881c-8cbdef5e7226}</UniqueIdentifier>
    </Filter>
    <Filter Include="GameInstance">
      <UniqueIdentifier>{63a53791-41d7-4467-aaf5-6725dafd7d19}</UniqueIdentifier>
    </Filter>
    <Filter Include="Gamemode">
      <UniqueIdentifier>{a5181da4-895f-4b96-b1b0-a2ab95b90dd4}</UniqueIdentifier>
    </Filter>
  </ItemGroup>
  <ItemGroup>
    <ClInclude Include="stdafx.h">
      <Filter>pch</Filter>
    </ClInclude>
    <ClInclude Include="define.h">
      <Filter>pch</Filter>
    </ClInclude>
    <ClInclude Include="LevelDeserializer.h">
      <Filter>LevelDeserializer</Filter>
    </ClInclude>
    <ClInclude Include="TestLevel.h">
      <Filter>Level</Filter>
    </ClInclude>
    <ClInclude Include="TestPlayer.h">
      <Filter>Actor</Filter>
    </ClInclude>
    <ClInclude Include="TestGameInstance.h">
      <Filter>GameInstance</Filter>
    </ClInclude>
    <ClInclude Include="TestGamemode.h">
      <Filter>Gamemode</Filter>
    </ClInclude>
  </ItemGroup>
</Project>