<?xml version="1.0" encoding="utf-8"?>
<Project ToolsVersion="4.0" xmlns="http://schemas.microsoft.com/developer/msbuild/2003">
  <ItemGroup>
    <ClCompile Include="main.cpp" />
    <ClCompile Include="stdafx.cpp">
      <Filter>pch</Filter>
    </ClCompile>
    <ClCompile Include="GameLevelBase.cpp">
      <Filter>Level</Filter>
    </ClCompile>
    <ClCompile Include="Character.cpp">
      <Filter>Actor</Filter>
    </ClCompile>
    <ClCompile Include="TestGameInstance.cpp">
      <Filter>GameInstance</Filter>
    </ClCompile>
    <ClCompile Include="MovementManager.cpp">
      <Filter>GameInstanceSubsystem</Filter>
    </ClCompile>
    <ClCompile Include="SpawnManager.cpp">
      <Filter>GameInstanceSubsystem</Filter>
    </ClCompile>
    <ClCompile Include="GameUI.cpp">
      <Filter>Actor</Filter>
    </ClCompile>
    <ClCompile Include="AIManager.cpp">
      <Filter>GameInstanceSubsystem</Filter>
    </ClCompile>
    <ClCompile Include="CharacterAIController.cpp">
      <Filter>Controller</Filter>
    </ClCompile>
    <ClCompile Include="Tilemap.cpp">
      <Filter>Struct</Filter>
    </ClCompile>
    <ClCompile Include="AxisAlignedBoundingBox.cpp">
      <Filter>Struct</Filter>
    </ClCompile>
    <ClCompile Include="BombManager.cpp">
      <Filter>GameInstanceSubsystem</Filter>
    </ClCompile>
    <ClCompile Include="PowerUpItem.cpp">
      <Filter>Actor</Filter>
    </ClCompile>
    <ClCompile Include="Block.cpp">
      <Filter>Actor</Filter>
    </ClCompile>
    <ClCompile Include="GroundTile.cpp">
      <Filter>Actor</Filter>
    </ClCompile>
    <ClCompile Include="Bomb.cpp">
      <Filter>Actor</Filter>
    </ClCompile>
    <ClCompile Include="WallProperty.cpp">
      <Filter>Property</Filter>
    </ClCompile>
    <ClCompile Include="BombProperty.cpp">
      <Filter>Property</Filter>
    </ClCompile>
    <ClCompile Include="Explosion.cpp">
      <Filter>Actor</Filter>
    </ClCompile>
    <ClCompile Include="InGameProperty.cpp">
      <Filter>Property</Filter>
    </ClCompile>
    <ClCompile Include="LobbyLevel.cpp">
      <Filter>Level</Filter>
    </ClCompile>
    <ClCompile Include="MainGameInstance.cpp">
      <Filter>GameInstance</Filter>
    </ClCompile>
    <ClCompile Include="FSM.cpp">
      <Filter>FSM</Filter>
    </ClCompile>
    <ClCompile Include="AttributeData.cpp">
      <Filter>Struct</Filter>
    </ClCompile>
    <ClCompile Include="BP_GameStage_Village_0.cpp">
      <Filter>Level</Filter>
    </ClCompile>
  </ItemGroup>
  <ItemGroup>
    <Filter Include="pch">
      <UniqueIdentifier>{66ae917e-19e9-499f-ba29-7d3e33a66d85}</UniqueIdentifier>
    </Filter>
    <Filter Include="Level">
      <UniqueIdentifier>{be8dad4b-0b6c-4dc9-98a8-bda49bee66b7}</UniqueIdentifier>
    </Filter>
    <Filter Include="Actor">
      <UniqueIdentifier>{9546b771-bdd7-4790-881c-8cbdef5e7226}</UniqueIdentifier>
    </Filter>
    <Filter Include="GameInstance">
      <UniqueIdentifier>{63a53791-41d7-4467-aaf5-6725dafd7d19}</UniqueIdentifier>
    </Filter>
    <Filter Include="GameInstanceSubsystem">
      <UniqueIdentifier>{8c26cbb9-e54d-4a49-933e-a47e37f39d0e}</UniqueIdentifier>
    </Filter>
    <Filter Include="ActorComponent">
      <UniqueIdentifier>{093eac90-c662-4acf-bf46-16af3171583d}</UniqueIdentifier>
    </Filter>
    <Filter Include="Controller">
      <UniqueIdentifier>{259ded4e-28fc-4d2f-b883-06d523c75fe8}</UniqueIdentifier>
    </Filter>
    <Filter Include="Struct">
      <UniqueIdentifier>{9b2e3c19-059f-4cc5-9ed2-a93cd5b17b27}</UniqueIdentifier>
    </Filter>
    <Filter Include="Interface">
      <UniqueIdentifier>{37aad7f0-59cc-44f8-a651-9d5087082bfa}</UniqueIdentifier>
    </Filter>
    <Filter Include="Property">
      <UniqueIdentifier>{6bd5789a-a513-4795-a083-a60074c5d16c}</UniqueIdentifier>
    </Filter>
    <Filter Include="FSM">
      <UniqueIdentifier>{b0f02926-15a3-4f41-a39e-5451e6e8e358}</UniqueIdentifier>
    </Filter>
  </ItemGroup>
  <ItemGroup>
    <ClInclude Include="stdafx.h">
      <Filter>pch</Filter>
    </ClInclude>
    <ClInclude Include="define.h">
      <Filter>pch</Filter>
    </ClInclude>
    <ClInclude Include="GameLevelBase.h">
      <Filter>Level</Filter>
    </ClInclude>
    <ClInclude Include="Character.h">
      <Filter>Actor</Filter>
    </ClInclude>
    <ClInclude Include="TestGameInstance.h">
      <Filter>GameInstance</Filter>
    </ClInclude>
    <ClInclude Include="MovementManager.h">
      <Filter>GameInstanceSubsystem</Filter>
    </ClInclude>
    <ClInclude Include="SpawnManager.h">
      <Filter>GameInstanceSubsystem</Filter>
    </ClInclude>
    <ClInclude Include="GameUI.h">
      <Filter>Actor</Filter>
    </ClInclude>
    <ClInclude Include="AIManager.h">
      <Filter>GameInstanceSubsystem</Filter>
    </ClInclude>
    <ClInclude Include="CharacterAIController.h">
      <Filter>Controller</Filter>
    </ClInclude>
    <ClInclude Include="Tilemap.h">
      <Filter>Struct</Filter>
    </ClInclude>
    <ClInclude Include="AxisAlignedBoundingBox.h">
      <Filter>Struct</Filter>
    </ClInclude>
    <ClInclude Include="BombManager.h">
      <Filter>GameInstanceSubsystem</Filter>
    </ClInclude>
    <ClInclude Include="PowerUpItem.h">
      <Filter>Actor</Filter>
    </ClInclude>
    <ClInclude Include="Block.h">
      <Filter>Actor</Filter>
    </ClInclude>
    <ClInclude Include="GroundTile.h">
      <Filter>Actor</Filter>
    </ClInclude>
    <ClInclude Include="Bomb.h">
      <Filter>Actor</Filter>
    </ClInclude>
    <ClInclude Include="Explodable.h">
      <Filter>Interface</Filter>
    </ClInclude>
    <ClInclude Include="WallProperty.h">
      <Filter>Property</Filter>
    </ClInclude>
    <ClInclude Include="BombProperty.h">
      <Filter>Property</Filter>
    </ClInclude>
    <ClInclude Include="Explosion.h">
      <Filter>Actor</Filter>
    </ClInclude>
    <ClInclude Include="Hidable.h">
      <Filter>Interface</Filter>
    </ClInclude>
    <ClInclude Include="InGameProperty.h">
      <Filter>Property</Filter>
    </ClInclude>
    <ClInclude Include="LobbyLevel.h">
      <Filter>Level</Filter>
    </ClInclude>
    <ClInclude Include="MainGameInstance.h">
      <Filter>GameInstance</Filter>
    </ClInclude>
    <ClInclude Include="FSM.h">
      <Filter>FSM</Filter>
    </ClInclude>
    <ClInclude Include="AttributeData.h">
      <Filter>Struct</Filter>
    </ClInclude>
    <ClInclude Include="BP_GameStage_Village_0.h">
      <Filter>Level</Filter>
    </ClInclude>
  </ItemGroup>
</Project>