<?xml version="1.0" encoding="utf-8"?>
<Project ToolsVersion="4.0" xmlns="http://schemas.microsoft.com/developer/msbuild/2003">
  <ItemGroup>
    <Filter Include="pch">
      <UniqueIdentifier>{58af4e2e-306b-4c97-84ef-5ce8a00a8668}</UniqueIdentifier>
    </Filter>
    <Filter Include="Engine">
      <UniqueIdentifier>{27908171-3c44-4440-9869-ba821e0791c4}</UniqueIdentifier>
    </Filter>
    <Filter Include="Object">
      <UniqueIdentifier>{1e749ce4-f534-4cf5-ac9f-d4bccb02c7e6}</UniqueIdentifier>
    </Filter>
    <Filter Include="EngineSubsystem">
      <UniqueIdentifier>{3186e4f3-9d08-46e6-b256-7c9bc15eb6f7}</UniqueIdentifier>
    </Filter>
    <Filter Include="GameInstance">
      <UniqueIdentifier>{9e078811-42ee-491a-8d7e-5b0cb695e3b9}</UniqueIdentifier>
    </Filter>
    <Filter Include="Actor">
      <UniqueIdentifier>{b3068981-0af2-42b3-bdd4-988c10095095}</UniqueIdentifier>
    </Filter>
    <Filter Include="ActorComponent">
      <UniqueIdentifier>{f0a7d253-e799-484c-9eaa-8b15b3d349ff}</UniqueIdentifier>
    </Filter>
    <Filter Include="Level">
      <UniqueIdentifier>{0b61c5ba-624b-46d3-8da5-d26dd7b9d1d2}</UniqueIdentifier>
    </Filter>
    <Filter Include="AGamemode">
      <UniqueIdentifier>{a4ae33e8-9c62-4160-be81-b92024ca9ccf}</UniqueIdentifier>
    </Filter>
    <Filter Include="EngineSubsystem\KeyManager">
      <UniqueIdentifier>{ae9a6fad-72f3-45f0-b111-3fec5253419d}</UniqueIdentifier>
    </Filter>
    <Filter Include="EngineSubsystem\RenderManager">
      <UniqueIdentifier>{3552ec0d-38ec-4b37-a563-5ae13a4668cc}</UniqueIdentifier>
    </Filter>
    <Filter Include="EngineSubsystem\TimeManager">
      <UniqueIdentifier>{a167755e-2f1c-49c5-80ef-b8a9c40ac7cf}</UniqueIdentifier>
    </Filter>
    <Filter Include="EngineSubsystem\ResourceManager">
      <UniqueIdentifier>{89fdc9c2-9360-4aa2-8326-a48372f1fd42}</UniqueIdentifier>
    </Filter>
    <Filter Include="ActorComponent\RenderComponent">
      <UniqueIdentifier>{3895fa7a-491b-4975-b49f-8e34248a2fed}</UniqueIdentifier>
    </Filter>
  </ItemGroup>
  <ItemGroup>
    <ClCompile Include="stdafx.cpp">
      <Filter>pch</Filter>
    </ClCompile>
    <ClCompile Include="main.cpp" />
    <ClCompile Include="Object.cpp">
      <Filter>Object</Filter>
    </ClCompile>
    <ClCompile Include="Engine.cpp">
      <Filter>Engine</Filter>
    </ClCompile>
    <ClCompile Include="EngineSubsystem.cpp">
      <Filter>EngineSubsystem</Filter>
    </ClCompile>
    <ClCompile Include="GameInstance.cpp">
      <Filter>GameInstance</Filter>
    </ClCompile>
    <ClCompile Include="Actor.cpp">
      <Filter>Actor</Filter>
    </ClCompile>
    <ClCompile Include="ActorComponent.cpp">
      <Filter>ActorComponent</Filter>
    </ClCompile>
    <ClCompile Include="Level.cpp">
      <Filter>Level</Filter>
    </ClCompile>
    <ClCompile Include="Gamemode.cpp">
      <Filter>AGamemode</Filter>
    </ClCompile>
    <ClCompile Include="KeyManager.cpp">
      <Filter>EngineSubsystem\KeyManager</Filter>
    </ClCompile>
    <ClCompile Include="RenderManager.cpp">
      <Filter>EngineSubsystem\RenderManager</Filter>
    </ClCompile>
    <ClCompile Include="TimeManager.cpp">
      <Filter>EngineSubsystem\TimeManager</Filter>
    </ClCompile>
    <ClCompile Include="ResourceManager.cpp">
      <Filter>EngineSubsystem\ResourceManager</Filter>
    </ClCompile>
    <ClCompile Include="RenderComponent.cpp">
      <Filter>ActorComponent\RenderComponent</Filter>
    </ClCompile>
  </ItemGroup>
  <ItemGroup>
    <ClInclude Include="stdafx.h">
      <Filter>pch</Filter>
    </ClInclude>
    <ClInclude Include="define.h">
      <Filter>pch</Filter>
    </ClInclude>
    <ClInclude Include="Object.h">
      <Filter>Object</Filter>
    </ClInclude>
    <ClInclude Include="Engine.h">
      <Filter>Engine</Filter>
    </ClInclude>
    <ClInclude Include="EngineSubsystem.h">
      <Filter>EngineSubsystem</Filter>
    </ClInclude>
    <ClInclude Include="GameInstance.h">
      <Filter>GameInstance</Filter>
    </ClInclude>
    <ClInclude Include="Actor.h">
      <Filter>Actor</Filter>
    </ClInclude>
    <ClInclude Include="ActorComponent.h">
      <Filter>ActorComponent</Filter>
    </ClInclude>
    <ClInclude Include="Level.h">
      <Filter>Level</Filter>
    </ClInclude>
    <ClInclude Include="Gamemode.h">
      <Filter>AGamemode</Filter>
    </ClInclude>
    <ClInclude Include="KeyManager.h">
      <Filter>EngineSubsystem\KeyManager</Filter>
    </ClInclude>
    <ClInclude Include="RenderManager.h">
      <Filter>EngineSubsystem\RenderManager</Filter>
    </ClInclude>
    <ClInclude Include="TimeManager.h">
      <Filter>EngineSubsystem\TimeManager</Filter>
    </ClInclude>
    <ClInclude Include="ResourceManager.h">
      <Filter>EngineSubsystem\ResourceManager</Filter>
    </ClInclude>
    <ClInclude Include="RenderComponent.h">
      <Filter>ActorComponent\RenderComponent</Filter>
    </ClInclude>
  </ItemGroup>
</Project>